
Microsoft Visual Studio Solution File, Format Version 12.00
# Visual Studio 2013
VisualStudioVersion = 12.0.31101.0
MinimumVisualStudioVersion = 10.0.40219.1
Project("{FAE04EC0-301F-11D3-BF4B-00C04F79EFBC}") = "Trigrad", "Trigrad\Trigrad.csproj", "{3E743CD4-6FB3-43DA-AA7B-F4B2EEEAFA85}"
EndProject
Project("{FAE04EC0-301F-11D3-BF4B-00C04F79EFBC}") = "TrigradTesting", "TrigradTesting\TrigradTesting.csproj", "{E984EACE-46E7-485E-8A1C-FCB5884698F0}"
EndProject
Project("{2150E333-8FDC-42A3-9474-1A3956D46DE8}") = "Solution Items", "Solution Items", "{14766101-0358-464C-AC12-5539CAB2D697}"
	ProjectSection(SolutionItems) = preProject
		LICENSE.md = LICENSE.md
		Triangle.NET.md = Triangle.NET.md
	EndProjectSection
EndProject
Project("{FAE04EC0-301F-11D3-BF4B-00C04F79EFBC}") = "TrigradEditor", "TrigradEditor\TrigradEditor.csproj", "{BFD8F092-0D2E-4391-A125-EEAB8DEDB731}"
EndProject
Global
	GlobalSection(SolutionConfigurationPlatforms) = preSolution
		Debug|Any CPU = Debug|Any CPU
		Release|Any CPU = Release|Any CPU
	EndGlobalSection
	GlobalSection(ProjectConfigurationPlatforms) = postSolution
		{3E743CD4-6FB3-43DA-AA7B-F4B2EEEAFA85}.Debug|Any CPU.ActiveCfg = Debug|Any CPU
		{3E743CD4-6FB3-43DA-AA7B-F4B2EEEAFA85}.Debug|Any CPU.Build.0 = Debug|Any CPU
		{3E743CD4-6FB3-43DA-AA7B-F4B2EEEAFA85}.Release|Any CPU.ActiveCfg = Release|Any CPU
		{3E743CD4-6FB3-43DA-AA7B-F4B2EEEAFA85}.Release|Any CPU.Build.0 = Release|Any CPU
		{E984EACE-46E7-485E-8A1C-FCB5884698F0}.Debug|Any CPU.ActiveCfg = Debug|Any CPU
		{E984EACE-46E7-485E-8A1C-FCB5884698F0}.Debug|Any CPU.Build.0 = Debug|Any CPU
		{E984EACE-46E7-485E-8A1C-FCB5884698F0}.Release|Any CPU.ActiveCfg = Release|Any CPU
		{E984EACE-46E7-485E-8A1C-FCB5884698F0}.Release|Any CPU.Build.0 = Release|Any CPU
		{BFD8F092-0D2E-4391-A125-EEAB8DEDB731}.Debug|Any CPU.ActiveCfg = Debug|Any CPU
		{BFD8F092-0D2E-4391-A125-EEAB8DEDB731}.Debug|Any CPU.Build.0 = Debug|Any CPU
		{BFD8F092-0D2E-4391-A125-EEAB8DEDB731}.Release|Any CPU.ActiveCfg = Release|Any CPU
		{BFD8F092-0D2E-4391-A125-EEAB8DEDB731}.Release|Any CPU.Build.0 = Release|Any CPU
	EndGlobalSection
	GlobalSection(SolutionProperties) = preSolution
		HideSolutionNode = FALSE
	EndGlobalSection
	GlobalSection(Performance) = preSolution
		HasPerformanceSessions = true
	EndGlobalSection
EndGlobal
